
Microsoft Visual Studio Solution File, Format Version 12.00
# Visual Studio Version 17
VisualStudioVersion = 17.3.32922.545
MinimumVisualStudioVersion = 10.0.40219.1
Project("{FAE04EC0-301F-11D3-BF4B-00C04F79EFBC}") = "Shop_Code", "Shop_Code\Shop_Code.csproj", "{AA852295-CBB4-4E24-95ED-C30AC330B10B}"
EndProject
Global
	GlobalSection(SolutionConfigurationPlatforms) = preSolution
		Debug|Any CPU = Debug|Any CPU
		Release|Any CPU = Release|Any CPU
	EndGlobalSection
	GlobalSection(ProjectConfigurationPlatforms) = postSolution
		{AA852295-CBB4-4E24-95ED-C30AC330B10B}.Debug|Any CPU.ActiveCfg = Debug|Any CPU
		{AA852295-CBB4-4E24-95ED-C30AC330B10B}.Debug|Any CPU.Build.0 = Debug|Any CPU
		{AA852295-CBB4-4E24-95ED-C30AC330B10B}.Release|Any CPU.ActiveCfg = Release|Any CPU
		{AA852295-CBB4-4E24-95ED-C30AC330B10B}.Release|Any CPU.Build.0 = Release|Any CPU
	EndGlobalSection
	GlobalSection(SolutionProperties) = preSolution
		HideSolutionNode = FALSE
	EndGlobalSection
	GlobalSection(ExtensibilityGlobals) = postSolution
		SolutionGuid = {9ED063E1-2835-41A5-806D-B68417CB8100}
	EndGlobalSection
EndGlobal
